
Microsoft Visual Studio Solution File, Format Version 12.00
# Visual Studio 2017
Project("{FAE04EC0-301F-11D3-BF4B-00C04F79EFBC}") = "HexMap", "HexMap.csproj", "{4309B2EC-E3FE-1306-3699-EDE6A4BFD96A}"
EndProject
Project("{FAE04EC0-301F-11D3-BF4B-00C04F79EFBC}") = "HexMap.Editor", "HexMap.Editor.csproj", "{439250BC-8FAD-FB8C-F1E4-F71B69988AFE}"
EndProject
Global
	GlobalSection(SolutionConfigurationPlatforms) = preSolution
		Debug|Any CPU = Debug|Any CPU
		Release|Any CPU = Release|Any CPU
	EndGlobalSection
	GlobalSection(ProjectConfigurationPlatforms) = postSolution
		{4309B2EC-E3FE-1306-3699-EDE6A4BFD96A}.Debug|Any CPU.ActiveCfg = Debug|Any CPU
		{4309B2EC-E3FE-1306-3699-EDE6A4BFD96A}.Debug|Any CPU.Build.0 = Debug|Any CPU
		{4309B2EC-E3FE-1306-3699-EDE6A4BFD96A}.Release|Any CPU.ActiveCfg = Release|Any CPU
		{4309B2EC-E3FE-1306-3699-EDE6A4BFD96A}.Release|Any CPU.Build.0 = Release|Any CPU
		{439250BC-8FAD-FB8C-F1E4-F71B69988AFE}.Debug|Any CPU.ActiveCfg = Debug|Any CPU
		{439250BC-8FAD-FB8C-F1E4-F71B69988AFE}.Debug|Any CPU.Build.0 = Debug|Any CPU
		{439250BC-8FAD-FB8C-F1E4-F71B69988AFE}.Release|Any CPU.ActiveCfg = Release|Any CPU
		{439250BC-8FAD-FB8C-F1E4-F71B69988AFE}.Release|Any CPU.Build.0 = Release|Any CPU
	EndGlobalSection
	GlobalSection(SolutionProperties) = preSolution
		HideSolutionNode = FALSE
	EndGlobalSection
EndGlobal
